// !$*UTF8*$!
{
	archiveVersion = 1;
	classes = {
	};
	objectVersion = 46;
	objects = {

/* Begin PBXBuildFile section */
		68CC11501BB1AA4A003BDF43 /* AppDelegate.swift in Sources */ = {isa = PBXBuildFile; fileRef = 68CC114F1BB1AA4A003BDF43 /* AppDelegate.swift */; };
		68CC11521BB1AA4A003BDF43 /* ViewController.swift in Sources */ = {isa = PBXBuildFile; fileRef = 68CC11511BB1AA4A003BDF43 /* ViewController.swift */; };
		68CC11551BB1AA4A003BDF43 /* Main.storyboard in Resources */ = {isa = PBXBuildFile; fileRef = 68CC11531BB1AA4A003BDF43 /* Main.storyboard */; };
		68CC11571BB1AA4A003BDF43 /* Assets.xcassets in Resources */ = {isa = PBXBuildFile; fileRef = 68CC11561BB1AA4A003BDF43 /* Assets.xcassets */; };
		68CC115A1BB1AA4A003BDF43 /* LaunchScreen.storyboard in Resources */ = {isa = PBXBuildFile; fileRef = 68CC11581BB1AA4A003BDF43 /* LaunchScreen.storyboard */; };
		68CC11651BB1AA4A003BDF43 /* AboutMeTests.swift in Sources */ = {isa = PBXBuildFile; fileRef = 68CC11641BB1AA4A003BDF43 /* AboutMeTests.swift */; };
/* End PBXBuildFile section */

/* Begin PBXContainerItemProxy section */
		68CC11611BB1AA4A003BDF43 /* PBXContainerItemProxy */ = {
			isa = PBXContainerItemProxy;
			containerPortal = 68CC11441BB1AA4A003BDF43 /* Project object */;
			proxyType = 1;
			remoteGlobalIDString = 68CC114B1BB1AA4A003BDF43;
			remoteInfo = AboutMe;
		};
/* End PBXContainerItemProxy section */

/* Begin PBXFileReference section */
		68CC114C1BB1AA4A003BDF43 /* AboutMe.app */ = {isa = PBXFileReference; explicitFileType = wrapper.application; includeInIndex = 0; path = AboutMe.app; sourceTree = BUILT_PRODUCTS_DIR; };
		68CC114F1BB1AA4A003BDF43 /* AppDelegate.swift */ = {isa = PBXFileReference; lastKnownFileType = sourcecode.swift; path = AppDelegate.swift; sourceTree = "<group>"; };
		68CC11511BB1AA4A003BDF43 /* ViewController.swift */ = {isa = PBXFileReference; lastKnownFileType = sourcecode.swift; path = ViewController.swift; sourceTree = "<group>"; };
		68CC11541BB1AA4A003BDF43 /* Base */ = {isa = PBXFileReference; lastKnownFileType = file.storyboard; name = Base; path = Base.lproj/Main.storyboard; sourceTree = "<group>"; };
		68CC11561BB1AA4A003BDF43 /* Assets.xcassets */ = {isa = PBXFileReference; lastKnownFileType = folder.assetcatalog; path = Assets.xcassets; sourceTree = "<group>"; };
		68CC11591BB1AA4A003BDF43 /* Base */ = {isa = PBXFileReference; lastKnownFileType = file.storyboard; name = Base; path = Base.lproj/LaunchScreen.storyboard; sourceTree = "<group>"; };
		68CC115B1BB1AA4A003BDF43 /* Info.plist */ = {isa = PBXFileReference; lastKnownFileType = text.plist.xml; path = Info.plist; sourceTree = "<group>"; };
		68CC11601BB1AA4A003BDF43 /* AboutMeTests.xctest */ = {isa = PBXFileReference; explicitFileType = wrapper.cfbundle; includeInIndex = 0; path = AboutMeTests.xctest; sourceTree = BUILT_PRODUCTS_DIR; };
		68CC11641BB1AA4A003BDF43 /* AboutMeTests.swift */ = {isa = PBXFileReference; lastKnownFileType = sourcecode.swift; path = AboutMeTests.swift; sourceTree = "<group>"; };
		68CC11661BB1AA4A003BDF43 /* Info.plist */ = {isa = PBXFileReference; lastKnownFileType = text.plist.xml; path = Info.plist; sourceTree = "<group>"; };
/* End PBXFileReference section */

/* Begin PBXFrameworksBuildPhase section */
		68CC11491BB1AA4A003BDF43 /* Frameworks */ = {
			isa = PBXFrameworksBuildPhase;
			buildActionMask = 2147483647;
			files = (
			);
			runOnlyForDeploymentPostprocessing = 0;
		};
		68CC115D1BB1AA4A003BDF43 /* Frameworks */ = {
			isa = PBXFrameworksBuildPhase;
			buildActionMask = 2147483647;
			files = (
			);
			runOnlyForDeploymentPostprocessing = 0;
		};
/* End PBXFrameworksBuildPhase section */

/* Begin PBXGroup section */
		68CC11431BB1AA4A003BDF43 = {
			isa = PBXGroup;
			children = (
				68CC114E1BB1AA4A003BDF43 /* AboutMe */,
				68CC11631BB1AA4A003BDF43 /* AboutMeTests */,
				68CC114D1BB1AA4A003BDF43 /* Products */,
			);
			sourceTree = "<group>";
		};
		68CC114D1BB1AA4A003BDF43 /* Products */ = {
			isa = PBXGroup;
			children = (
				68CC114C1BB1AA4A003BDF43 /* AboutMe.app */,
				68CC11601BB1AA4A003BDF43 /* AboutMeTests.xctest */,
			);
			name = Products;
			sourceTree = "<group>";
		};
		68CC114E1BB1AA4A003BDF43 /* AboutMe */ = {
			isa = PBXGroup;
			children = (
				68CC114F1BB1AA4A003BDF43 /* AppDelegate.swift */,
				68CC11511BB1AA4A003BDF43 /* ViewController.swift */,
				68CC11531BB1AA4A003BDF43 /* Main.storyboard */,
				68CC11561BB1AA4A003BDF43 /* Assets.xcassets */,
				68CC11581BB1AA4A003BDF43 /* LaunchScreen.storyboard */,
				68CC115B1BB1AA4A003BDF43 /* Info.plist */,
			);
			path = AboutMe;
			sourceTree = "<group>";
		};
		68CC11631BB1AA4A003BDF43 /* AboutMeTests */ = {
			isa = PBXGroup;
			children = (
				68CC11641BB1AA4A003BDF43 /* AboutMeTests.swift */,
				68CC11661BB1AA4A003BDF43 /* Info.plist */,
			);
			path = AboutMeTests;
			sourceTree = "<group>";
		};
/* End PBXGroup section */

/* Begin PBXNativeTarget section */
		68CC114B1BB1AA4A003BDF43 /* AboutMe */ = {
			isa = PBXNativeTarget;
			buildConfigurationList = 68CC11691BB1AA4A003BDF43 /* Build configuration list for PBXNativeTarget "AboutMe" */;
			buildPhases = (
				68CC11481BB1AA4A003BDF43 /* Sources */,
				68CC11491BB1AA4A003BDF43 /* Frameworks */,
				68CC114A1BB1AA4A003BDF43 /* Resources */,
			);
			buildRules = (
			);
			dependencies = (
			);
			name = AboutMe;
			productName = AboutMe;
			productReference = 68CC114C1BB1AA4A003BDF43 /* AboutMe.app */;
			productType = "com.apple.product-type.application";
		};
		68CC115F1BB1AA4A003BDF43 /* AboutMeTests */ = {
			isa = PBXNativeTarget;
			buildConfigurationList = 68CC116C1BB1AA4A003BDF43 /* Build configuration list for PBXNativeTarget "AboutMeTests" */;
			buildPhases = (
				68CC115C1BB1AA4A003BDF43 /* Sources */,
				68CC115D1BB1AA4A003BDF43 /* Frameworks */,
				68CC115E1BB1AA4A003BDF43 /* Resources */,
			);
			buildRules = (
			);
			dependencies = (
				68CC11621BB1AA4A003BDF43 /* PBXTargetDependency */,
			);
			name = AboutMeTests;
			productName = AboutMeTests;
			productReference = 68CC11601BB1AA4A003BDF43 /* AboutMeTests.xctest */;
			productType = "com.apple.product-type.bundle.unit-test";
		};
/* End PBXNativeTarget section */

/* Begin PBXProject section */
		68CC11441BB1AA4A003BDF43 /* Project object */ = {
			isa = PBXProject;
			attributes = {
				LastUpgradeCheck = 0700;
				ORGANIZATIONNAME = DevMountain;
				TargetAttributes = {
					68CC114B1BB1AA4A003BDF43 = {
						CreatedOnToolsVersion = 7.0;
					};
					68CC115F1BB1AA4A003BDF43 = {
						CreatedOnToolsVersion = 7.0;
						TestTargetID = 68CC114B1BB1AA4A003BDF43;
					};
				};
			};
			buildConfigurationList = 68CC11471BB1AA4A003BDF43 /* Build configuration list for PBXProject "AboutMe" */;
			compatibilityVersion = "Xcode 3.2";
			developmentRegion = English;
			hasScannedForEncodings = 0;
			knownRegions = (
				en,
				Base,
			);
			mainGroup = 68CC11431BB1AA4A003BDF43;
			productRefGroup = 68CC114D1BB1AA4A003BDF43 /* Products */;
			projectDirPath = "";
			projectRoot = "";
			targets = (
				68CC114B1BB1AA4A003BDF43 /* AboutMe */,
				68CC115F1BB1AA4A003BDF43 /* AboutMeTests */,
			);
		};
/* End PBXProject section */

/* Begin PBXResourcesBuildPhase section */
		68CC114A1BB1AA4A003BDF43 /* Resources */ = {
			isa = PBXResourcesBuildPhase;
			buildActionMask = 2147483647;
			files = (
				68CC115A1BB1AA4A003BDF43 /* LaunchScreen.storyboard in Resources */,
				68CC11571BB1AA4A003BDF43 /* Assets.xcassets in Resources */,
				68CC11551BB1AA4A003BDF43 /* Main.storyboard in Resources */,
			);
			runOnlyForDeploymentPostprocessing = 0;
		};
		68CC115E1BB1AA4A003BDF43 /* Resources */ = {
			isa = PBXResourcesBuildPhase;
			buildActionMask = 2147483647;
			files = (
			);
			runOnlyForDeploymentPostprocessing = 0;
		};
/* End PBXResourcesBuildPhase section */

/* Begin PBXSourcesBuildPhase section */
		68CC11481BB1AA4A003BDF43 /* Sources */ = {
			isa = PBXSourcesBuildPhase;
			buildActionMask = 2147483647;
			files = (
				68CC11521BB1AA4A003BDF43 /* ViewController.swift in Sources */,
				68CC11501BB1AA4A003BDF43 /* AppDelegate.swift in Sources */,
			);
			runOnlyForDeploymentPostprocessing = 0;
		};
		68CC115C1BB1AA4A003BDF43 /* Sources */ = {
			isa = PBXSourcesBuildPhase;
			buildActionMask = 2147483647;
			files = (
				68CC11651BB1AA4A003BDF43 /* AboutMeTests.swift in Sources */,
			);
			runOnlyForDeploymentPostprocessing = 0;
		};
/* End PBXSourcesBuildPhase section */

/* Begin PBXTargetDependency section */
		68CC11621BB1AA4A003BDF43 /* PBXTargetDependency */ = {
			isa = PBXTargetDependency;
			target = 68CC114B1BB1AA4A003BDF43 /* AboutMe */;
			targetProxy = 68CC11611BB1AA4A003BDF43 /* PBXContainerItemProxy */;
		};
/* End PBXTargetDependency section */

/* Begin PBXVariantGroup section */
		68CC11531BB1AA4A003BDF43 /* Main.storyboard */ = {
			isa = PBXVariantGroup;
			children = (
				68CC11541BB1AA4A003BDF43 /* Base */,
			);
			name = Main.storyboard;
			sourceTree = "<group>";
		};
		68CC11581BB1AA4A003BDF43 /* LaunchScreen.storyboard */ = {
			isa = PBXVariantGroup;
			children = (
				68CC11591BB1AA4A003BDF43 /* Base */,
			);
			name = LaunchScreen.storyboard;
			sourceTree = "<group>";
		};
/* End PBXVariantGroup section */

/* Begin XCBuildConfiguration section */
		68CC11671BB1AA4A003BDF43 /* Debug */ = {
			isa = XCBuildConfiguration;
			buildSettings = {
				ALWAYS_SEARCH_USER_PATHS = NO;
				CLANG_CXX_LANGUAGE_STANDARD = "gnu++0x";
				CLANG_CXX_LIBRARY = "libc++";
				CLANG_ENABLE_MODULES = YES;
				CLANG_ENABLE_OBJC_ARC = YES;
				CLANG_WARN_BOOL_CONVERSION = YES;
				CLANG_WARN_CONSTANT_CONVERSION = YES;
				CLANG_WARN_DIRECT_OBJC_ISA_USAGE = YES_ERROR;
				CLANG_WARN_EMPTY_BODY = YES;
				CLANG_WARN_ENUM_CONVERSION = YES;
				CLANG_WARN_INT_CONVERSION = YES;
				CLANG_WARN_OBJC_ROOT_CLASS = YES_ERROR;
				CLANG_WARN_UNREACHABLE_CODE = YES;
				CLANG_WARN__DUPLICATE_METHOD_MATCH = YES;
				"CODE_SIGN_IDENTITY[sdk=iphoneos*]" = "iPhone Developer";
				COPY_PHASE_STRIP = NO;
				DEBUG_INFORMATION_FORMAT = dwarf;
				ENABLE_STRICT_OBJC_MSGSEND = YES;
				ENABLE_TESTABILITY = YES;
				GCC_C_LANGUAGE_STANDARD = gnu99;
				GCC_DYNAMIC_NO_PIC = NO;
				GCC_NO_COMMON_BLOCKS = YES;
				GCC_OPTIMIZATION_LEVEL = 0;
				GCC_PREPROCESSOR_DEFINITIONS = (
					"DEBUG=1",
					"$(inherited)",
				);
				GCC_WARN_64_TO_32_BIT_CONVERSION = YES;
				GCC_WARN_ABOUT_RETURN_TYPE = YES_ERROR;
				GCC_WARN_UNDECLARED_SELECTOR = YES;
				GCC_WARN_UNINITIALIZED_AUTOS = YES_AGGRESSIVE;
				GCC_WARN_UNUSED_FUNCTION = YES;
				GCC_WARN_UNUSED_VARIABLE = YES;
				IPHONEOS_DEPLOYMENT_TARGET = 9.0;
				MTL_ENABLE_DEBUG_INFO = YES;
				ONLY_ACTIVE_ARCH = YES;
				SDKROOT = iphoneos;
				SWIFT_OPTIMIZATION_LEVEL = "-Onone";
				TARGETED_DEVICE_FAMILY = "1,2";
			};
			name = Debug;
		};
		68CC11681BB1AA4A003BDF43 /* Release */ = {
			isa = XCBuildConfiguration;
			buildSettings = {
				ALWAYS_SEARCH_USER_PATHS = NO;
				CLANG_CXX_LANGUAGE_STANDARD = "gnu++0x";
				CLANG_CXX_LIBRARY = "libc++";
				CLANG_ENABLE_MODULES = YES;
				CLANG_ENABLE_OBJC_ARC = YES;
				CLANG_WARN_BOOL_CONVERSION = YES;
				CLANG_WARN_CONSTANT_CONVERSION = YES;
				CLANG_WARN_DIRECT_OBJC_ISA_USAGE = YES_ERROR;
				CLANG_WARN_EMPTY_BODY = YES;
				CLANG_WARN_ENUM_CONVERSION = YES;
				CLANG_WARN_INT_CONVERSION = YES;
				CLANG_WARN_OBJC_ROOT_CLASS = YES_ERROR;
				CLANG_WARN_UNREACHABLE_CODE = YES;
				CLANG_WARN__DUPLICATE_METHOD_MATCH = YES;
				"CODE_SIGN_IDENTITY[sdk=iphoneos*]" = "iPhone Developer";
				COPY_PHASE_STRIP = NO;
				DEBUG_INFORMATION_FORMAT = "dwarf-with-dsym";
				ENABLE_NS_ASSERTIONS = NO;
				ENABLE_STRICT_OBJC_MSGSEND = YES;
				GCC_C_LANGUAGE_STANDARD = gnu99;
				GCC_NO_COMMON_BLOCKS = YES;
				GCC_WARN_64_TO_32_BIT_CONVERSION = YES;
				GCC_WARN_ABOUT_RETURN_TYPE = YES_ERROR;
				GCC_WARN_UNDECLARED_SELECTOR = YES;
				GCC_WARN_UNINITIALIZED_AUTOS = YES_AGGRESSIVE;
				GCC_WARN_UNUSED_FUNCTION = YES;
				GCC_WARN_UNUSED_VARIABLE = YES;
				IPHONEOS_DEPLOYMENT_TARGET = 9.0;
				MTL_ENABLE_DEBUG_INFO = NO;
				SDKROOT = iphoneos;
				TARGETED_DEVICE_FAMILY = "1,2";
				VALIDATE_PRODUCT = YES;
			};
			name = Release;
		};
		68CC116A1BB1AA4A003BDF43 /* Debug */ = {
			isa = XCBuildConfiguration;
			buildSettings = {
				ASSETCATALOG_COMPILER_APPICON_NAME = AppIcon;
				INFOPLIST_FILE = AboutMe/Info.plist;
				LD_RUNPATH_SEARCH_PATHS = "$(inherited) @executable_path/Frameworks";
				PRODUCT_BUNDLE_IDENTIFIER = com.devmtn.AboutMe;
				PRODUCT_NAME = "$(TARGET_NAME)";
			};
			name = Debug;
		};
		68CC116B1BB1AA4A003BDF43 /* Release */ = {
			isa = XCBuildConfiguration;
			buildSettings = {
				ASSETCATALOG_COMPILER_APPICON_NAME = AppIcon;
				INFOPLIST_FILE = AboutMe/Info.plist;
				LD_RUNPATH_SEARCH_PATHS = "$(inherited) @executable_path/Frameworks";
				PRODUCT_BUNDLE_IDENTIFIER = com.devmtn.AboutMe;
				PRODUCT_NAME = "$(TARGET_NAME)";
			};
			name = Release;
		};
		68CC116D1BB1AA4A003BDF43 /* Debug */ = {
			isa = XCBuildConfiguration;
			buildSettings = {
				BUNDLE_LOADER = "$(TEST_HOST)";
				INFOPLIST_FILE = AboutMeTests/Info.plist;
				LD_RUNPATH_SEARCH_PATHS = "$(inherited) @executable_path/Frameworks @loader_path/Frameworks";
				PRODUCT_BUNDLE_IDENTIFIER = com.devmtn.AboutMeTests;
				PRODUCT_NAME = "$(TARGET_NAME)";
				TEST_HOST = "$(BUILT_PRODUCTS_DIR)/AboutMe.app/AboutMe";
			};
			name = Debug;
		};
		68CC116E1BB1AA4A003BDF43 /* Release */ = {
			isa = XCBuildConfiguration;
			buildSettings = {
				BUNDLE_LOADER = "$(TEST_HOST)";
				INFOPLIST_FILE = AboutMeTests/Info.plist;
				LD_RUNPATH_SEARCH_PATHS = "$(inherited) @executable_path/Frameworks @loader_path/Frameworks";
				PRODUCT_BUNDLE_IDENTIFIER = com.devmtn.AboutMeTests;
				PRODUCT_NAME = "$(TARGET_NAME)";
				TEST_HOST = "$(BUILT_PRODUCTS_DIR)/AboutMe.app/AboutMe";
			};
			name = Release;
		};
/* End XCBuildConfiguration section */

/* Begin XCConfigurationList section */
		68CC11471BB1AA4A003BDF43 /* Build configuration list for PBXProject "AboutMe" */ = {
			isa = XCConfigurationList;
			buildConfigurations = (
				68CC11671BB1AA4A003BDF43 /* Debug */,
				68CC11681BB1AA4A003BDF43 /* Release */,
			);
			defaultConfigurationIsVisible = 0;
			defaultConfigurationName = Release;
		};
		68CC11691BB1AA4A003BDF43 /* Build configuration list for PBXNativeTarget "AboutMe" */ = {
			isa = XCConfigurationList;
			buildConfigurations = (
				68CC116A1BB1AA4A003BDF43 /* Debug */,
				68CC116B1BB1AA4A003BDF43 /* Release */,
			);
			defaultConfigurationIsVisible = 0;
		};
		68CC116C1BB1AA4A003BDF43 /* Build configuration list for PBXNativeTarget "AboutMeTests" */ = {
			isa = XCConfigurationList;
			buildConfigurations = (
				68CC116D1BB1AA4A003BDF43 /* Debug */,
				68CC116E1BB1AA4A003BDF43 /* Release */,
			);
			defaultConfigurationIsVisible = 0;
		};
/* End XCConfigurationList section */
	};
	rootObject = 68CC11441BB1AA4A003BDF43 /* Project object */;
}
